// !$*UTF8*$!
{
	archiveVersion = 1;
	classes = {
	};
	objectVersion = 50;
	objects = {

/* Begin PBXBuildFile section */
		AD7F6AAB2170391100129544 /* AppDelegate.m in Sources */ = {isa = PBXBuildFile; fileRef = AD7F6AAA2170391100129544 /* AppDelegate.m */; };
		AD7F6AAE2170391100129544 /* ViewController.m in Sources */ = {isa = PBXBuildFile; fileRef = AD7F6AAD2170391100129544 /* ViewController.m */; };
		AD7F6AB12170391100129544 /* Main.storyboard in Resources */ = {isa = PBXBuildFile; fileRef = AD7F6AAF2170391100129544 /* Main.storyboard */; };
		AD7F6AB32170391F00129544 /* Assets.xcassets in Resources */ = {isa = PBXBuildFile; fileRef = AD7F6AB22170391F00129544 /* Assets.xcassets */; };
		AD7F6AB62170391F00129544 /* LaunchScreen.storyboard in Resources */ = {isa = PBXBuildFile; fileRef = AD7F6AB42170391F00129544 /* LaunchScreen.storyboard */; };
		AD7F6AB92170391F00129544 /* main.m in Sources */ = {isa = PBXBuildFile; fileRef = AD7F6AB82170391F00129544 /* main.m */; };
/* End PBXBuildFile section */

/* Begin PBXFileReference section */
		AD7F6AA62170391000129544 /* UIPickerView案例.app */ = {isa = PBXFileReference; explicitFileType = wrapper.application; includeInIndex = 0; path = "UIPickerView案例.app"; sourceTree = BUILT_PRODUCTS_DIR; };
		AD7F6AA92170391100129544 /* AppDelegate.h */ = {isa = PBXFileReference; lastKnownFileType = sourcecode.c.h; path = AppDelegate.h; sourceTree = "<group>"; };
		AD7F6AAA2170391100129544 /* AppDelegate.m */ = {isa = PBXFileReference; lastKnownFileType = sourcecode.c.objc; path = AppDelegate.m; sourceTree = "<group>"; };
		AD7F6AAC2170391100129544 /* ViewController.h */ = {isa = PBXFileReference; lastKnownFileType = sourcecode.c.h; path = ViewController.h; sourceTree = "<group>"; };
		AD7F6AAD2170391100129544 /* ViewController.m */ = {isa = PBXFileReference; lastKnownFileType = sourcecode.c.objc; path = ViewController.m; sourceTree = "<group>"; };
		AD7F6AB02170391100129544 /* Base */ = {isa = PBXFileReference; lastKnownFileType = file.storyboard; name = Base; path = Base.lproj/Main.storyboard; sourceTree = "<group>"; };
		AD7F6AB22170391F00129544 /* Assets.xcassets */ = {isa = PBXFileReference; lastKnownFileType = folder.assetcatalog; path = Assets.xcassets; sourceTree = "<group>"; };
		AD7F6AB52170391F00129544 /* Base */ = {isa = PBXFileReference; lastKnownFileType = file.storyboard; name = Base; path = Base.lproj/LaunchScreen.storyboard; sourceTree = "<group>"; };
		AD7F6AB72170391F00129544 /* Info.plist */ = {isa = PBXFileReference; lastKnownFileType = text.plist.xml; path = Info.plist; sourceTree = "<group>"; };
		AD7F6AB82170391F00129544 /* main.m */ = {isa = PBXFileReference; lastKnownFileType = sourcecode.c.objc; path = main.m; sourceTree = "<group>"; };
/* End PBXFileReference section */

/* Begin PBXFrameworksBuildPhase section */
		AD7F6AA32170391000129544 /* Frameworks */ = {
			isa = PBXFrameworksBuildPhase;
			buildActionMask = 2147483647;
			files = (
			);
			runOnlyForDeploymentPostprocessing = 0;
		};
/* End PBXFrameworksBuildPhase section */

/* Begin PBXGroup section */
		AD7F6A9D2170391000129544 = {
			isa = PBXGroup;
			children = (
				AD7F6AA82170391000129544 /* UIPickerView案例 */,
				AD7F6AA72170391000129544 /* Products */,
			);
			sourceTree = "<group>";
		};
		AD7F6AA72170391000129544 /* Products */ = {
			isa = PBXGroup;
			children = (
				AD7F6AA62170391000129544 /* UIPickerView案例.app */,
			);
			name = Products;
			sourceTree = "<group>";
		};
		AD7F6AA82170391000129544 /* UIPickerView案例 */ = {
			isa = PBXGroup;
			children = (
				AD7F6AA92170391100129544 /* AppDelegate.h */,
				AD7F6AAA2170391100129544 /* AppDelegate.m */,
				AD7F6AAC2170391100129544 /* ViewController.h */,
				AD7F6AAD2170391100129544 /* ViewController.m */,
				AD7F6AAF2170391100129544 /* Main.storyboard */,
				AD7F6AB22170391F00129544 /* Assets.xcassets */,
				AD7F6AB42170391F00129544 /* LaunchScreen.storyboard */,
				AD7F6AB72170391F00129544 /* Info.plist */,
				AD7F6AB82170391F00129544 /* main.m */,
			);
			path = "UIPickerView案例";
			sourceTree = "<group>";
		};
/* End PBXGroup section */

/* Begin PBXNativeTarget section */
		AD7F6AA52170391000129544 /* UIPickerView案例 */ = {
			isa = PBXNativeTarget;
			buildConfigurationList = AD7F6ABC2170391F00129544 /* Build configuration list for PBXNativeTarget "UIPickerView案例" */;
			buildPhases = (
				AD7F6AA22170391000129544 /* Sources */,
				AD7F6AA32170391000129544 /* Frameworks */,
				AD7F6AA42170391000129544 /* Resources */,
			);
			buildRules = (
			);
			dependencies = (
			);
			name = "UIPickerView案例";
			productName = "UIPickerView案例";
			productReference = AD7F6AA62170391000129544 /* UIPickerView案例.app */;
			productType = "com.apple.product-type.application";
		};
/* End PBXNativeTarget section */

/* Begin PBXProject section */
		AD7F6A9E2170391000129544 /* Project object */ = {
			isa = PBXProject;
			attributes = {
				LastUpgradeCheck = 1000;
				ORGANIZATIONNAME = abc;
				TargetAttributes = {
					AD7F6AA52170391000129544 = {
						CreatedOnToolsVersion = 10.0;
					};
				};
			};
			buildConfigurationList = AD7F6AA12170391000129544 /* Build configuration list for PBXProject "UIPickerView案例" */;
			compatibilityVersion = "Xcode 9.3";
			developmentRegion = en;
			hasScannedForEncodings = 0;
			knownRegions = (
				en,
				Base,
			);
			mainGroup = AD7F6A9D2170391000129544;
			productRefGroup = AD7F6AA72170391000129544 /* Products */;
			projectDirPath = "";
			projectRoot = "";
			targets = (
				AD7F6AA52170391000129544 /* UIPickerView案例 */,
			);
		};
/* End PBXProject section */

/* Begin PBXResourcesBuildPhase section */
		AD7F6AA42170391000129544 /* Resources */ = {
			isa = PBXResourcesBuildPhase;
			buildActionMask = 2147483647;
			files = (
				AD7F6AB62170391F00129544 /* LaunchScreen.storyboard in Resources */,
				AD7F6AB32170391F00129544 /* Assets.xcassets in Resources */,
				AD7F6AB12170391100129544 /* Main.storyboard in Resources */,
			);
			runOnlyForDeploymentPostprocessing = 0;
		};
/* End PBXResourcesBuildPhase section */

/* Begin PBXSourcesBuildPhase section */
		AD7F6AA22170391000129544 /* Sources */ = {
			isa = PBXSourcesBuildPhase;
			buildActionMask = 2147483647;
			files = (
				AD7F6AAE2170391100129544 /* ViewController.m in Sources */,
				AD7F6AB92170391F00129544 /* main.m in Sources */,
				AD7F6AAB2170391100129544 /* AppDelegate.m in Sources */,
			);
			runOnlyForDeploymentPostprocessing = 0;
		};
/* End PBXSourcesBuildPhase section */

/* Begin PBXVariantGroup section */
		AD7F6AAF2170391100129544 /* Main.storyboard */ = {
			isa = PBXVariantGroup;
			children = (
				AD7F6AB02170391100129544 /* Base */,
			);
			name = Main.storyboard;
			sourceTree = "<group>";
		};
		AD7F6AB42170391F00129544 /* LaunchScreen.storyboard */ = {
			isa = PBXVariantGroup;
			children = (
				AD7F6AB52170391F00129544 /* Base */,
			);
			name = LaunchScreen.storyboard;
			sourceTree = "<group>";
		};
/* End PBXVariantGroup section */

/* Begin XCBuildConfiguration section */
		AD7F6ABA2170391F00129544 /* Debug */ = {
			isa = XCBuildConfiguration;
			buildSettings = {
				ALWAYS_SEARCH_USER_PATHS = NO;
				CLANG_ANALYZER_NONNULL = YES;
				CLANG_ANALYZER_NUMBER_OBJECT_CONVERSION = YES_AGGRESSIVE;
				CLANG_CXX_LANGUAGE_STANDARD = "gnu++14";
				CLANG_CXX_LIBRARY = "libc++";
				CLANG_ENABLE_MODULES = YES;
				CLANG_ENABLE_OBJC_ARC = YES;
				CLANG_ENABLE_OBJC_WEAK = YES;
				CLANG_WARN_BLOCK_CAPTURE_AUTORELEASING = YES;
				CLANG_WARN_BOOL_CONVERSION = YES;
				CLANG_WARN_COMMA = YES;
				CLANG_WARN_CONSTANT_CONVERSION = YES;
				CLANG_WARN_DEPRECATED_OBJC_IMPLEMENTATIONS = YES;
				CLANG_WARN_DIRECT_OBJC_ISA_USAGE = YES_ERROR;
				CLANG_WARN_DOCUMENTATION_COMMENTS = YES;
				CLANG_WARN_EMPTY_BODY = YES;
				CLANG_WARN_ENUM_CONVERSION = YES;
				CLANG_WARN_INFINITE_RECURSION = YES;
				CLANG_WARN_INT_CONVERSION = YES;
				CLANG_WARN_NON_LITERAL_NULL_CONVERSION = YES;
				CLANG_WARN_OBJC_IMPLICIT_RETAIN_SELF = YES;
				CLANG_WARN_OBJC_LITERAL_CONVERSION = YES;
				CLANG_WARN_OBJC_ROOT_CLASS = YES_ERROR;
				CLANG_WARN_RANGE_LOOP_ANALYSIS = YES;
				CLANG_WARN_STRICT_PROTOTYPES = YES;
				CLANG_WARN_SUSPICIOUS_MOVE = YES;
				CLANG_WARN_UNGUARDED_AVAILABILITY = YES_AGGRESSIVE;
				CLANG_WARN_UNREACHABLE_CODE = YES;
				CLANG_WARN__DUPLICATE_METHOD_MATCH = YES;
				CODE_SIGN_IDENTITY = "iPhone Developer";
				COPY_PHASE_STRIP = NO;
				DEBUG_INFORMATION_FORMAT = dwarf;
				ENABLE_STRICT_OBJC_MSGSEND = YES;
				ENABLE_TESTABILITY = YES;
				GCC_C_LANGUAGE_STANDARD = gnu11;
				GCC_DYNAMIC_NO_PIC = NO;
				GCC_NO_COMMON_BLOCKS = YES;
				GCC_OPTIMIZATION_LEVEL = 0;
				GCC_PREPROCESSOR_DEFINITIONS = (
					"DEBUG=1",
					"$(inherited)",
				);
				GCC_WARN_64_TO_32_BIT_CONVERSION = YES;
				GCC_WARN_ABOUT_RETURN_TYPE = YES_ERROR;
				GCC_WARN_UNDECLARED_SELECTOR = YES;
				GCC_WARN_UNINITIALIZED_AUTOS = YES_AGGRESSIVE;
				GCC_WARN_UNUSED_FUNCTION = YES;
				GCC_WARN_UNUSED_VARIABLE = YES;
				IPHONEOS_DEPLOYMENT_TARGET = 12.0;
				MTL_ENABLE_DEBUG_INFO = INCLUDE_SOURCE;
				MTL_FAST_MATH = YES;
				ONLY_ACTIVE_ARCH = YES;
				SDKROOT = iphoneos;
			};
			name = Debug;
		};
		AD7F6ABB2170391F00129544 /* Release */ = {
			isa = XCBuildConfiguration;
			buildSettings = {
				ALWAYS_SEARCH_USER_PATHS = NO;
				CLANG_ANALYZER_NONNULL = YES;
				CLANG_ANALYZER_NUMBER_OBJECT_CONVERSION = YES_AGGRESSIVE;
				CLANG_CXX_LANGUAGE_STANDARD = "gnu++14";
				CLANG_CXX_LIBRARY = "libc++";
				CLANG_ENABLE_MODULES = YES;
				CLANG_ENABLE_OBJC_ARC = YES;
				CLANG_ENABLE_OBJC_WEAK = YES;
				CLANG_WARN_BLOCK_CAPTURE_AUTORELEASING = YES;
				CLANG_WARN_BOOL_CONVERSION = YES;
				CLANG_WARN_COMMA = YES;
				CLANG_WARN_CONSTANT_CONVERSION = YES;
				CLANG_WARN_DEPRECATED_OBJC_IMPLEMENTATIONS = YES;
				CLANG_WARN_DIRECT_OBJC_ISA_USAGE = YES_ERROR;
				CLANG_WARN_DOCUMENTATION_COMMENTS = YES;
				CLANG_WARN_EMPTY_BODY = YES;
				CLANG_WARN_ENUM_CONVERSION = YES;
				CLANG_WARN_INFINITE_RECURSION = YES;
				CLANG_WARN_INT_CONVERSION = YES;
				CLANG_WARN_NON_LITERAL_NULL_CONVERSION = YES;
				CLANG_WARN_OBJC_IMPLICIT_RETAIN_SELF = YES;
				CLANG_WARN_OBJC_LITERAL_CONVERSION = YES;
				CLANG_WARN_OBJC_ROOT_CLASS = YES_ERROR;
				CLANG_WARN_RANGE_LOOP_ANALYSIS = YES;
				CLANG_WARN_STRICT_PROTOTYPES = YES;
				CLANG_WARN_SUSPICIOUS_MOVE = YES;
				CLANG_WARN_UNGUARDED_AVAILABILITY = YES_AGGRESSIVE;
				CLANG_WARN_UNREACHABLE_CODE = YES;
				CLANG_WARN__DUPLICATE_METHOD_MATCH = YES;
				CODE_SIGN_IDENTITY = "iPhone Developer";
				COPY_PHASE_STRIP = NO;
				DEBUG_INFORMATION_FORMAT = "dwarf-with-dsym";
				ENABLE_NS_ASSERTIONS = NO;
				ENABLE_STRICT_OBJC_MSGSEND = YES;
				GCC_C_LANGUAGE_STANDARD = gnu11;
				GCC_NO_COMMON_BLOCKS = YES;
				GCC_WARN_64_TO_32_BIT_CONVERSION = YES;
				GCC_WARN_ABOUT_RETURN_TYPE = YES_ERROR;
				GCC_WARN_UNDECLARED_SELECTOR = YES;
				GCC_WARN_UNINITIALIZED_AUTOS = YES_AGGRESSIVE;
				GCC_WARN_UNUSED_FUNCTION = YES;
				GCC_WARN_UNUSED_VARIABLE = YES;
				IPHONEOS_DEPLOYMENT_TARGET = 12.0;
				MTL_ENABLE_DEBUG_INFO = NO;
				MTL_FAST_MATH = YES;
				SDKROOT = iphoneos;
				VALIDATE_PRODUCT = YES;
			};
			name = Release;
		};
		AD7F6ABD2170391F00129544 /* Debug */ = {
			isa = XCBuildConfiguration;
			buildSettings = {
				ASSETCATALOG_COMPILER_APPICON_NAME = AppIcon;
				CODE_SIGN_STYLE = Automatic;
				INFOPLIST_FILE = "UIPickerView案例/Info.plist";
				LD_RUNPATH_SEARCH_PATHS = (
					"$(inherited)",
					"@executable_path/Frameworks",
				);
				PRODUCT_BUNDLE_IDENTIFIER = "cn.edu.abc.www.UIPickerView--";
				PRODUCT_NAME = "$(TARGET_NAME)";
				TARGETED_DEVICE_FAMILY = "1,2";
			};
			name = Debug;
		};
		AD7F6ABE2170391F00129544 /* Release */ = {
			isa = XCBuildConfiguration;
			buildSettings = {
				ASSETCATALOG_COMPILER_APPICON_NAME = AppIcon;
				CODE_SIGN_STYLE = Automatic;
				INFOPLIST_FILE = "UIPickerView案例/Info.plist";
				LD_RUNPATH_SEARCH_PATHS = (
					"$(inherited)",
					"@executable_path/Frameworks",
				);
				PRODUCT_BUNDLE_IDENTIFIER = "cn.edu.abc.www.UIPickerView--";
				PRODUCT_NAME = "$(TARGET_NAME)";
				TARGETED_DEVICE_FAMILY = "1,2";
			};
			name = Release;
		};
/* End XCBuildConfiguration section */

/* Begin XCConfigurationList section */
		AD7F6AA12170391000129544 /* Build configuration list for PBXProject "UIPickerView案例" */ = {
			isa = XCConfigurationList;
			buildConfigurations = (
				AD7F6ABA2170391F00129544 /* Debug */,
				AD7F6ABB2170391F00129544 /* Release */,
			);
			defaultConfigurationIsVisible = 0;
			defaultConfigurationName = Release;
		};
		AD7F6ABC2170391F00129544 /* Build configuration list for PBXNativeTarget "UIPickerView案例" */ = {
			isa = XCConfigurationList;
			buildConfigurations = (
				AD7F6ABD2170391F00129544 /* Debug */,
				AD7F6ABE2170391F00129544 /* Release */,
			);
			defaultConfigurationIsVisible = 0;
			defaultConfigurationName = Release;
		};
/* End XCConfigurationList section */
	};
	rootObject = AD7F6A9E2170391000129544 /* Project object */;
}
