// !$*UTF8*$!
{
	archiveVersion = 1;
	classes = {
	};
	objectVersion = 50;
	objects = {

/* Begin PBXBuildFile section */
		AD18E657214B6FFD004C8A8A /* AppDelegate.m in Sources */ = {isa = PBXBuildFile; fileRef = AD18E656214B6FFD004C8A8A /* AppDelegate.m */; };
		AD18E65A214B6FFD004C8A8A /* ViewController.m in Sources */ = {isa = PBXBuildFile; fileRef = AD18E659214B6FFD004C8A8A /* ViewController.m */; };
		AD18E65D214B6FFD004C8A8A /* Main.storyboard in Resources */ = {isa = PBXBuildFile; fileRef = AD18E65B214B6FFD004C8A8A /* Main.storyboard */; };
		AD18E65F214B6FFE004C8A8A /* Assets.xcassets in Resources */ = {isa = PBXBuildFile; fileRef = AD18E65E214B6FFE004C8A8A /* Assets.xcassets */; };
		AD18E662214B6FFE004C8A8A /* LaunchScreen.storyboard in Resources */ = {isa = PBXBuildFile; fileRef = AD18E660214B6FFE004C8A8A /* LaunchScreen.storyboard */; };
		AD18E665214B6FFE004C8A8A /* main.m in Sources */ = {isa = PBXBuildFile; fileRef = AD18E664214B6FFE004C8A8A /* main.m */; };
/* End PBXBuildFile section */

/* Begin PBXFileReference section */
		AD18E652214B6FFD004C8A8A /* UIView介绍.app */ = {isa = PBXFileReference; explicitFileType = wrapper.application; includeInIndex = 0; path = "UIView介绍.app"; sourceTree = BUILT_PRODUCTS_DIR; };
		AD18E655214B6FFD004C8A8A /* AppDelegate.h */ = {isa = PBXFileReference; lastKnownFileType = sourcecode.c.h; path = AppDelegate.h; sourceTree = "<group>"; };
		AD18E656214B6FFD004C8A8A /* AppDelegate.m */ = {isa = PBXFileReference; lastKnownFileType = sourcecode.c.objc; path = AppDelegate.m; sourceTree = "<group>"; };
		AD18E658214B6FFD004C8A8A /* ViewController.h */ = {isa = PBXFileReference; lastKnownFileType = sourcecode.c.h; path = ViewController.h; sourceTree = "<group>"; };
		AD18E659214B6FFD004C8A8A /* ViewController.m */ = {isa = PBXFileReference; lastKnownFileType = sourcecode.c.objc; path = ViewController.m; sourceTree = "<group>"; };
		AD18E65C214B6FFD004C8A8A /* Base */ = {isa = PBXFileReference; lastKnownFileType = file.storyboard; name = Base; path = Base.lproj/Main.storyboard; sourceTree = "<group>"; };
		AD18E65E214B6FFE004C8A8A /* Assets.xcassets */ = {isa = PBXFileReference; lastKnownFileType = folder.assetcatalog; path = Assets.xcassets; sourceTree = "<group>"; };
		AD18E661214B6FFE004C8A8A /* Base */ = {isa = PBXFileReference; lastKnownFileType = file.storyboard; name = Base; path = Base.lproj/LaunchScreen.storyboard; sourceTree = "<group>"; };
		AD18E663214B6FFE004C8A8A /* Info.plist */ = {isa = PBXFileReference; lastKnownFileType = text.plist.xml; path = Info.plist; sourceTree = "<group>"; };
		AD18E664214B6FFE004C8A8A /* main.m */ = {isa = PBXFileReference; lastKnownFileType = sourcecode.c.objc; path = main.m; sourceTree = "<group>"; };
/* End PBXFileReference section */

/* Begin PBXFrameworksBuildPhase section */
		AD18E64F214B6FFD004C8A8A /* Frameworks */ = {
			isa = PBXFrameworksBuildPhase;
			buildActionMask = 2147483647;
			files = (
			);
			runOnlyForDeploymentPostprocessing = 0;
		};
/* End PBXFrameworksBuildPhase section */

/* Begin PBXGroup section */
		AD18E649214B6FFD004C8A8A = {
			isa = PBXGroup;
			children = (
				AD18E654214B6FFD004C8A8A /* UIView介绍 */,
				AD18E653214B6FFD004C8A8A /* Products */,
			);
			sourceTree = "<group>";
		};
		AD18E653214B6FFD004C8A8A /* Products */ = {
			isa = PBXGroup;
			children = (
				AD18E652214B6FFD004C8A8A /* UIView介绍.app */,
			);
			name = Products;
			sourceTree = "<group>";
		};
		AD18E654214B6FFD004C8A8A /* UIView介绍 */ = {
			isa = PBXGroup;
			children = (
				AD18E655214B6FFD004C8A8A /* AppDelegate.h */,
				AD18E656214B6FFD004C8A8A /* AppDelegate.m */,
				AD18E658214B6FFD004C8A8A /* ViewController.h */,
				AD18E659214B6FFD004C8A8A /* ViewController.m */,
				AD18E65B214B6FFD004C8A8A /* Main.storyboard */,
				AD18E65E214B6FFE004C8A8A /* Assets.xcassets */,
				AD18E660214B6FFE004C8A8A /* LaunchScreen.storyboard */,
				AD18E663214B6FFE004C8A8A /* Info.plist */,
				AD18E664214B6FFE004C8A8A /* main.m */,
			);
			path = "UIView介绍";
			sourceTree = "<group>";
		};
/* End PBXGroup section */

/* Begin PBXNativeTarget section */
		AD18E651214B6FFD004C8A8A /* UIView介绍 */ = {
			isa = PBXNativeTarget;
			buildConfigurationList = AD18E668214B6FFE004C8A8A /* Build configuration list for PBXNativeTarget "UIView介绍" */;
			buildPhases = (
				AD18E64E214B6FFD004C8A8A /* Sources */,
				AD18E64F214B6FFD004C8A8A /* Frameworks */,
				AD18E650214B6FFD004C8A8A /* Resources */,
			);
			buildRules = (
			);
			dependencies = (
			);
			name = "UIView介绍";
			productName = "UIView介绍";
			productReference = AD18E652214B6FFD004C8A8A /* UIView介绍.app */;
			productType = "com.apple.product-type.application";
		};
/* End PBXNativeTarget section */

/* Begin PBXProject section */
		AD18E64A214B6FFD004C8A8A /* Project object */ = {
			isa = PBXProject;
			attributes = {
				LastUpgradeCheck = 1000;
				ORGANIZATIONNAME = abc;
				TargetAttributes = {
					AD18E651214B6FFD004C8A8A = {
						CreatedOnToolsVersion = 10.0;
					};
				};
			};
			buildConfigurationList = AD18E64D214B6FFD004C8A8A /* Build configuration list for PBXProject "UIView介绍" */;
			compatibilityVersion = "Xcode 9.3";
			developmentRegion = en;
			hasScannedForEncodings = 0;
			knownRegions = (
				en,
				Base,
			);
			mainGroup = AD18E649214B6FFD004C8A8A;
			productRefGroup = AD18E653214B6FFD004C8A8A /* Products */;
			projectDirPath = "";
			projectRoot = "";
			targets = (
				AD18E651214B6FFD004C8A8A /* UIView介绍 */,
			);
		};
/* End PBXProject section */

/* Begin PBXResourcesBuildPhase section */
		AD18E650214B6FFD004C8A8A /* Resources */ = {
			isa = PBXResourcesBuildPhase;
			buildActionMask = 2147483647;
			files = (
				AD18E662214B6FFE004C8A8A /* LaunchScreen.storyboard in Resources */,
				AD18E65F214B6FFE004C8A8A /* Assets.xcassets in Resources */,
				AD18E65D214B6FFD004C8A8A /* Main.storyboard in Resources */,
			);
			runOnlyForDeploymentPostprocessing = 0;
		};
/* End PBXResourcesBuildPhase section */

/* Begin PBXSourcesBuildPhase section */
		AD18E64E214B6FFD004C8A8A /* Sources */ = {
			isa = PBXSourcesBuildPhase;
			buildActionMask = 2147483647;
			files = (
				AD18E65A214B6FFD004C8A8A /* ViewController.m in Sources */,
				AD18E665214B6FFE004C8A8A /* main.m in Sources */,
				AD18E657214B6FFD004C8A8A /* AppDelegate.m in Sources */,
			);
			runOnlyForDeploymentPostprocessing = 0;
		};
/* End PBXSourcesBuildPhase section */

/* Begin PBXVariantGroup section */
		AD18E65B214B6FFD004C8A8A /* Main.storyboard */ = {
			isa = PBXVariantGroup;
			children = (
				AD18E65C214B6FFD004C8A8A /* Base */,
			);
			name = Main.storyboard;
			sourceTree = "<group>";
		};
		AD18E660214B6FFE004C8A8A /* LaunchScreen.storyboard */ = {
			isa = PBXVariantGroup;
			children = (
				AD18E661214B6FFE004C8A8A /* Base */,
			);
			name = LaunchScreen.storyboard;
			sourceTree = "<group>";
		};
/* End PBXVariantGroup section */

/* Begin XCBuildConfiguration section */
		AD18E666214B6FFE004C8A8A /* Debug */ = {
			isa = XCBuildConfiguration;
			buildSettings = {
				ALWAYS_SEARCH_USER_PATHS = NO;
				CLANG_ANALYZER_NONNULL = YES;
				CLANG_ANALYZER_NUMBER_OBJECT_CONVERSION = YES_AGGRESSIVE;
				CLANG_CXX_LANGUAGE_STANDARD = "gnu++14";
				CLANG_CXX_LIBRARY = "libc++";
				CLANG_ENABLE_MODULES = YES;
				CLANG_ENABLE_OBJC_ARC = YES;
				CLANG_ENABLE_OBJC_WEAK = YES;
				CLANG_WARN_BLOCK_CAPTURE_AUTORELEASING = YES;
				CLANG_WARN_BOOL_CONVERSION = YES;
				CLANG_WARN_COMMA = YES;
				CLANG_WARN_CONSTANT_CONVERSION = YES;
				CLANG_WARN_DEPRECATED_OBJC_IMPLEMENTATIONS = YES;
				CLANG_WARN_DIRECT_OBJC_ISA_USAGE = YES_ERROR;
				CLANG_WARN_DOCUMENTATION_COMMENTS = YES;
				CLANG_WARN_EMPTY_BODY = YES;
				CLANG_WARN_ENUM_CONVERSION = YES;
				CLANG_WARN_INFINITE_RECURSION = YES;
				CLANG_WARN_INT_CONVERSION = YES;
				CLANG_WARN_NON_LITERAL_NULL_CONVERSION = YES;
				CLANG_WARN_OBJC_IMPLICIT_RETAIN_SELF = YES;
				CLANG_WARN_OBJC_LITERAL_CONVERSION = YES;
				CLANG_WARN_OBJC_ROOT_CLASS = YES_ERROR;
				CLANG_WARN_RANGE_LOOP_ANALYSIS = YES;
				CLANG_WARN_STRICT_PROTOTYPES = YES;
				CLANG_WARN_SUSPICIOUS_MOVE = YES;
				CLANG_WARN_UNGUARDED_AVAILABILITY = YES_AGGRESSIVE;
				CLANG_WARN_UNREACHABLE_CODE = YES;
				CLANG_WARN__DUPLICATE_METHOD_MATCH = YES;
				CODE_SIGN_IDENTITY = "iPhone Developer";
				COPY_PHASE_STRIP = NO;
				DEBUG_INFORMATION_FORMAT = dwarf;
				ENABLE_STRICT_OBJC_MSGSEND = YES;
				ENABLE_TESTABILITY = YES;
				GCC_C_LANGUAGE_STANDARD = gnu11;
				GCC_DYNAMIC_NO_PIC = NO;
				GCC_NO_COMMON_BLOCKS = YES;
				GCC_OPTIMIZATION_LEVEL = 0;
				GCC_PREPROCESSOR_DEFINITIONS = (
					"DEBUG=1",
					"$(inherited)",
				);
				GCC_WARN_64_TO_32_BIT_CONVERSION = YES;
				GCC_WARN_ABOUT_RETURN_TYPE = YES_ERROR;
				GCC_WARN_UNDECLARED_SELECTOR = YES;
				GCC_WARN_UNINITIALIZED_AUTOS = YES_AGGRESSIVE;
				GCC_WARN_UNUSED_FUNCTION = YES;
				GCC_WARN_UNUSED_VARIABLE = YES;
				IPHONEOS_DEPLOYMENT_TARGET = 12.0;
				MTL_ENABLE_DEBUG_INFO = INCLUDE_SOURCE;
				MTL_FAST_MATH = YES;
				ONLY_ACTIVE_ARCH = YES;
				SDKROOT = iphoneos;
			};
			name = Debug;
		};
		AD18E667214B6FFE004C8A8A /* Release */ = {
			isa = XCBuildConfiguration;
			buildSettings = {
				ALWAYS_SEARCH_USER_PATHS = NO;
				CLANG_ANALYZER_NONNULL = YES;
				CLANG_ANALYZER_NUMBER_OBJECT_CONVERSION = YES_AGGRESSIVE;
				CLANG_CXX_LANGUAGE_STANDARD = "gnu++14";
				CLANG_CXX_LIBRARY = "libc++";
				CLANG_ENABLE_MODULES = YES;
				CLANG_ENABLE_OBJC_ARC = YES;
				CLANG_ENABLE_OBJC_WEAK = YES;
				CLANG_WARN_BLOCK_CAPTURE_AUTORELEASING = YES;
				CLANG_WARN_BOOL_CONVERSION = YES;
				CLANG_WARN_COMMA = YES;
				CLANG_WARN_CONSTANT_CONVERSION = YES;
				CLANG_WARN_DEPRECATED_OBJC_IMPLEMENTATIONS = YES;
				CLANG_WARN_DIRECT_OBJC_ISA_USAGE = YES_ERROR;
				CLANG_WARN_DOCUMENTATION_COMMENTS = YES;
				CLANG_WARN_EMPTY_BODY = YES;
				CLANG_WARN_ENUM_CONVERSION = YES;
				CLANG_WARN_INFINITE_RECURSION = YES;
				CLANG_WARN_INT_CONVERSION = YES;
				CLANG_WARN_NON_LITERAL_NULL_CONVERSION = YES;
				CLANG_WARN_OBJC_IMPLICIT_RETAIN_SELF = YES;
				CLANG_WARN_OBJC_LITERAL_CONVERSION = YES;
				CLANG_WARN_OBJC_ROOT_CLASS = YES_ERROR;
				CLANG_WARN_RANGE_LOOP_ANALYSIS = YES;
				CLANG_WARN_STRICT_PROTOTYPES = YES;
				CLANG_WARN_SUSPICIOUS_MOVE = YES;
				CLANG_WARN_UNGUARDED_AVAILABILITY = YES_AGGRESSIVE;
				CLANG_WARN_UNREACHABLE_CODE = YES;
				CLANG_WARN__DUPLICATE_METHOD_MATCH = YES;
				CODE_SIGN_IDENTITY = "iPhone Developer";
				COPY_PHASE_STRIP = NO;
				DEBUG_INFORMATION_FORMAT = "dwarf-with-dsym";
				ENABLE_NS_ASSERTIONS = NO;
				ENABLE_STRICT_OBJC_MSGSEND = YES;
				GCC_C_LANGUAGE_STANDARD = gnu11;
				GCC_NO_COMMON_BLOCKS = YES;
				GCC_WARN_64_TO_32_BIT_CONVERSION = YES;
				GCC_WARN_ABOUT_RETURN_TYPE = YES_ERROR;
				GCC_WARN_UNDECLARED_SELECTOR = YES;
				GCC_WARN_UNINITIALIZED_AUTOS = YES_AGGRESSIVE;
				GCC_WARN_UNUSED_FUNCTION = YES;
				GCC_WARN_UNUSED_VARIABLE = YES;
				IPHONEOS_DEPLOYMENT_TARGET = 12.0;
				MTL_ENABLE_DEBUG_INFO = NO;
				MTL_FAST_MATH = YES;
				SDKROOT = iphoneos;
				VALIDATE_PRODUCT = YES;
			};
			name = Release;
		};
		AD18E669214B6FFE004C8A8A /* Debug */ = {
			isa = XCBuildConfiguration;
			buildSettings = {
				ASSETCATALOG_COMPILER_APPICON_NAME = AppIcon;
				CODE_SIGN_STYLE = Automatic;
				INFOPLIST_FILE = "UIView介绍/Info.plist";
				IPHONEOS_DEPLOYMENT_TARGET = 11.0;
				LD_RUNPATH_SEARCH_PATHS = (
					"$(inherited)",
					"@executable_path/Frameworks",
				);
				PRODUCT_BUNDLE_IDENTIFIER = "cn.edu.abc.www.UIView--";
				PRODUCT_NAME = "$(TARGET_NAME)";
				TARGETED_DEVICE_FAMILY = "1,2";
			};
			name = Debug;
		};
		AD18E66A214B6FFE004C8A8A /* Release */ = {
			isa = XCBuildConfiguration;
			buildSettings = {
				ASSETCATALOG_COMPILER_APPICON_NAME = AppIcon;
				CODE_SIGN_STYLE = Automatic;
				INFOPLIST_FILE = "UIView介绍/Info.plist";
				IPHONEOS_DEPLOYMENT_TARGET = 11.0;
				LD_RUNPATH_SEARCH_PATHS = (
					"$(inherited)",
					"@executable_path/Frameworks",
				);
				PRODUCT_BUNDLE_IDENTIFIER = "cn.edu.abc.www.UIView--";
				PRODUCT_NAME = "$(TARGET_NAME)";
				TARGETED_DEVICE_FAMILY = "1,2";
			};
			name = Release;
		};
/* End XCBuildConfiguration section */

/* Begin XCConfigurationList section */
		AD18E64D214B6FFD004C8A8A /* Build configuration list for PBXProject "UIView介绍" */ = {
			isa = XCConfigurationList;
			buildConfigurations = (
				AD18E666214B6FFE004C8A8A /* Debug */,
				AD18E667214B6FFE004C8A8A /* Release */,
			);
			defaultConfigurationIsVisible = 0;
			defaultConfigurationName = Release;
		};
		AD18E668214B6FFE004C8A8A /* Build configuration list for PBXNativeTarget "UIView介绍" */ = {
			isa = XCConfigurationList;
			buildConfigurations = (
				AD18E669214B6FFE004C8A8A /* Debug */,
				AD18E66A214B6FFE004C8A8A /* Release */,
			);
			defaultConfigurationIsVisible = 0;
			defaultConfigurationName = Release;
		};
/* End XCConfigurationList section */
	};
	rootObject = AD18E64A214B6FFD004C8A8A /* Project object */;
}
