// !$*UTF8*$!
{
	archiveVersion = 1;
	classes = {
	};
	objectVersion = 46;
	objects = {

/* Begin PBXBuildFile section */
		AEE8527C1DB4C0A700C991CC /* main.m in Sources */ = {isa = PBXBuildFile; fileRef = AEE8527B1DB4C0A700C991CC /* main.m */; };
		AEE8527F1DB4C0A700C991CC /* AppDelegate.m in Sources */ = {isa = PBXBuildFile; fileRef = AEE8527E1DB4C0A700C991CC /* AppDelegate.m */; };
		AEE852821DB4C0A700C991CC /* ViewController.m in Sources */ = {isa = PBXBuildFile; fileRef = AEE852811DB4C0A700C991CC /* ViewController.m */; };
		AEE852851DB4C0A700C991CC /* Main.storyboard in Resources */ = {isa = PBXBuildFile; fileRef = AEE852831DB4C0A700C991CC /* Main.storyboard */; };
		AEE852871DB4C0A700C991CC /* Images.xcassets in Resources */ = {isa = PBXBuildFile; fileRef = AEE852861DB4C0A700C991CC /* Images.xcassets */; };
		AEE8528A1DB4C0A700C991CC /* LaunchScreen.xib in Resources */ = {isa = PBXBuildFile; fileRef = AEE852881DB4C0A700C991CC /* LaunchScreen.xib */; };
		AEE852961DB4C0A700C991CC /* ____Tests.m in Sources */ = {isa = PBXBuildFile; fileRef = AEE852951DB4C0A700C991CC /* ____Tests.m */; };
/* End PBXBuildFile section */

/* Begin PBXContainerItemProxy section */
		AEE852901DB4C0A700C991CC /* PBXContainerItemProxy */ = {
			isa = PBXContainerItemProxy;
			containerPortal = AEE8526E1DB4C0A700C991CC /* Project object */;
			proxyType = 1;
			remoteGlobalIDString = AEE852751DB4C0A700C991CC;
			remoteInfo = "广告轮播";
		};
/* End PBXContainerItemProxy section */

/* Begin PBXFileReference section */
		AEE852761DB4C0A700C991CC /* 广告轮播.app */ = {isa = PBXFileReference; explicitFileType = wrapper.application; includeInIndex = 0; path = "广告轮播.app"; sourceTree = BUILT_PRODUCTS_DIR; };
		AEE8527A1DB4C0A700C991CC /* Info.plist */ = {isa = PBXFileReference; lastKnownFileType = text.plist.xml; path = Info.plist; sourceTree = "<group>"; };
		AEE8527B1DB4C0A700C991CC /* main.m */ = {isa = PBXFileReference; lastKnownFileType = sourcecode.c.objc; path = main.m; sourceTree = "<group>"; };
		AEE8527D1DB4C0A700C991CC /* AppDelegate.h */ = {isa = PBXFileReference; lastKnownFileType = sourcecode.c.h; path = AppDelegate.h; sourceTree = "<group>"; };
		AEE8527E1DB4C0A700C991CC /* AppDelegate.m */ = {isa = PBXFileReference; lastKnownFileType = sourcecode.c.objc; path = AppDelegate.m; sourceTree = "<group>"; };
		AEE852801DB4C0A700C991CC /* ViewController.h */ = {isa = PBXFileReference; lastKnownFileType = sourcecode.c.h; path = ViewController.h; sourceTree = "<group>"; };
		AEE852811DB4C0A700C991CC /* ViewController.m */ = {isa = PBXFileReference; lastKnownFileType = sourcecode.c.objc; path = ViewController.m; sourceTree = "<group>"; };
		AEE852841DB4C0A700C991CC /* Base */ = {isa = PBXFileReference; lastKnownFileType = file.storyboard; name = Base; path = Base.lproj/Main.storyboard; sourceTree = "<group>"; };
		AEE852861DB4C0A700C991CC /* Images.xcassets */ = {isa = PBXFileReference; lastKnownFileType = folder.assetcatalog; path = Images.xcassets; sourceTree = "<group>"; };
		AEE852891DB4C0A700C991CC /* Base */ = {isa = PBXFileReference; lastKnownFileType = file.xib; name = Base; path = Base.lproj/LaunchScreen.xib; sourceTree = "<group>"; };
		AEE8528F1DB4C0A700C991CC /* 广告轮播Tests.xctest */ = {isa = PBXFileReference; explicitFileType = wrapper.cfbundle; includeInIndex = 0; path = "广告轮播Tests.xctest"; sourceTree = BUILT_PRODUCTS_DIR; };
		AEE852941DB4C0A700C991CC /* Info.plist */ = {isa = PBXFileReference; lastKnownFileType = text.plist.xml; path = Info.plist; sourceTree = "<group>"; };
		AEE852951DB4C0A700C991CC /* ____Tests.m */ = {isa = PBXFileReference; lastKnownFileType = sourcecode.c.objc; path = "____Tests.m"; sourceTree = "<group>"; };
/* End PBXFileReference section */

/* Begin PBXFrameworksBuildPhase section */
		AEE852731DB4C0A700C991CC /* Frameworks */ = {
			isa = PBXFrameworksBuildPhase;
			buildActionMask = 2147483647;
			files = (
			);
			runOnlyForDeploymentPostprocessing = 0;
		};
		AEE8528C1DB4C0A700C991CC /* Frameworks */ = {
			isa = PBXFrameworksBuildPhase;
			buildActionMask = 2147483647;
			files = (
			);
			runOnlyForDeploymentPostprocessing = 0;
		};
/* End PBXFrameworksBuildPhase section */

/* Begin PBXGroup section */
		AEE8526D1DB4C0A700C991CC = {
			isa = PBXGroup;
			children = (
				AEE852781DB4C0A700C991CC /* 广告轮播 */,
				AEE852921DB4C0A700C991CC /* 广告轮播Tests */,
				AEE852771DB4C0A700C991CC /* Products */,
			);
			sourceTree = "<group>";
		};
		AEE852771DB4C0A700C991CC /* Products */ = {
			isa = PBXGroup;
			children = (
				AEE852761DB4C0A700C991CC /* 广告轮播.app */,
				AEE8528F1DB4C0A700C991CC /* 广告轮播Tests.xctest */,
			);
			name = Products;
			sourceTree = "<group>";
		};
		AEE852781DB4C0A700C991CC /* 广告轮播 */ = {
			isa = PBXGroup;
			children = (
				AEE8527D1DB4C0A700C991CC /* AppDelegate.h */,
				AEE8527E1DB4C0A700C991CC /* AppDelegate.m */,
				AEE852801DB4C0A700C991CC /* ViewController.h */,
				AEE852811DB4C0A700C991CC /* ViewController.m */,
				AEE852831DB4C0A700C991CC /* Main.storyboard */,
				AEE852861DB4C0A700C991CC /* Images.xcassets */,
				AEE852881DB4C0A700C991CC /* LaunchScreen.xib */,
				AEE852791DB4C0A700C991CC /* Supporting Files */,
			);
			path = "广告轮播";
			sourceTree = "<group>";
		};
		AEE852791DB4C0A700C991CC /* Supporting Files */ = {
			isa = PBXGroup;
			children = (
				AEE8527A1DB4C0A700C991CC /* Info.plist */,
				AEE8527B1DB4C0A700C991CC /* main.m */,
			);
			name = "Supporting Files";
			sourceTree = "<group>";
		};
		AEE852921DB4C0A700C991CC /* 广告轮播Tests */ = {
			isa = PBXGroup;
			children = (
				AEE852951DB4C0A700C991CC /* ____Tests.m */,
				AEE852931DB4C0A700C991CC /* Supporting Files */,
			);
			path = "广告轮播Tests";
			sourceTree = "<group>";
		};
		AEE852931DB4C0A700C991CC /* Supporting Files */ = {
			isa = PBXGroup;
			children = (
				AEE852941DB4C0A700C991CC /* Info.plist */,
			);
			name = "Supporting Files";
			sourceTree = "<group>";
		};
/* End PBXGroup section */

/* Begin PBXNativeTarget section */
		AEE852751DB4C0A700C991CC /* 广告轮播 */ = {
			isa = PBXNativeTarget;
			buildConfigurationList = AEE852991DB4C0A700C991CC /* Build configuration list for PBXNativeTarget "广告轮播" */;
			buildPhases = (
				AEE852721DB4C0A700C991CC /* Sources */,
				AEE852731DB4C0A700C991CC /* Frameworks */,
				AEE852741DB4C0A700C991CC /* Resources */,
			);
			buildRules = (
			);
			dependencies = (
			);
			name = "广告轮播";
			productName = "广告轮播";
			productReference = AEE852761DB4C0A700C991CC /* 广告轮播.app */;
			productType = "com.apple.product-type.application";
		};
		AEE8528E1DB4C0A700C991CC /* 广告轮播Tests */ = {
			isa = PBXNativeTarget;
			buildConfigurationList = AEE8529C1DB4C0A700C991CC /* Build configuration list for PBXNativeTarget "广告轮播Tests" */;
			buildPhases = (
				AEE8528B1DB4C0A700C991CC /* Sources */,
				AEE8528C1DB4C0A700C991CC /* Frameworks */,
				AEE8528D1DB4C0A700C991CC /* Resources */,
			);
			buildRules = (
			);
			dependencies = (
				AEE852911DB4C0A700C991CC /* PBXTargetDependency */,
			);
			name = "广告轮播Tests";
			productName = "广告轮播Tests";
			productReference = AEE8528F1DB4C0A700C991CC /* 广告轮播Tests.xctest */;
			productType = "com.apple.product-type.bundle.unit-test";
		};
/* End PBXNativeTarget section */

/* Begin PBXProject section */
		AEE8526E1DB4C0A700C991CC /* Project object */ = {
			isa = PBXProject;
			attributes = {
				LastUpgradeCheck = 0640;
				ORGANIZATIONNAME = "安徽商贸职业技术学院";
				TargetAttributes = {
					AEE852751DB4C0A700C991CC = {
						CreatedOnToolsVersion = 6.4;
					};
					AEE8528E1DB4C0A700C991CC = {
						CreatedOnToolsVersion = 6.4;
						TestTargetID = AEE852751DB4C0A700C991CC;
					};
				};
			};
			buildConfigurationList = AEE852711DB4C0A700C991CC /* Build configuration list for PBXProject "广告轮播" */;
			compatibilityVersion = "Xcode 3.2";
			developmentRegion = English;
			hasScannedForEncodings = 0;
			knownRegions = (
				en,
				Base,
			);
			mainGroup = AEE8526D1DB4C0A700C991CC;
			productRefGroup = AEE852771DB4C0A700C991CC /* Products */;
			projectDirPath = "";
			projectRoot = "";
			targets = (
				AEE852751DB4C0A700C991CC /* 广告轮播 */,
				AEE8528E1DB4C0A700C991CC /* 广告轮播Tests */,
			);
		};
/* End PBXProject section */

/* Begin PBXResourcesBuildPhase section */
		AEE852741DB4C0A700C991CC /* Resources */ = {
			isa = PBXResourcesBuildPhase;
			buildActionMask = 2147483647;
			files = (
				AEE852851DB4C0A700C991CC /* Main.storyboard in Resources */,
				AEE8528A1DB4C0A700C991CC /* LaunchScreen.xib in Resources */,
				AEE852871DB4C0A700C991CC /* Images.xcassets in Resources */,
			);
			runOnlyForDeploymentPostprocessing = 0;
		};
		AEE8528D1DB4C0A700C991CC /* Resources */ = {
			isa = PBXResourcesBuildPhase;
			buildActionMask = 2147483647;
			files = (
			);
			runOnlyForDeploymentPostprocessing = 0;
		};
/* End PBXResourcesBuildPhase section */

/* Begin PBXSourcesBuildPhase section */
		AEE852721DB4C0A700C991CC /* Sources */ = {
			isa = PBXSourcesBuildPhase;
			buildActionMask = 2147483647;
			files = (
				AEE852821DB4C0A700C991CC /* ViewController.m in Sources */,
				AEE8527F1DB4C0A700C991CC /* AppDelegate.m in Sources */,
				AEE8527C1DB4C0A700C991CC /* main.m in Sources */,
			);
			runOnlyForDeploymentPostprocessing = 0;
		};
		AEE8528B1DB4C0A700C991CC /* Sources */ = {
			isa = PBXSourcesBuildPhase;
			buildActionMask = 2147483647;
			files = (
				AEE852961DB4C0A700C991CC /* ____Tests.m in Sources */,
			);
			runOnlyForDeploymentPostprocessing = 0;
		};
/* End PBXSourcesBuildPhase section */

/* Begin PBXTargetDependency section */
		AEE852911DB4C0A700C991CC /* PBXTargetDependency */ = {
			isa = PBXTargetDependency;
			target = AEE852751DB4C0A700C991CC /* 广告轮播 */;
			targetProxy = AEE852901DB4C0A700C991CC /* PBXContainerItemProxy */;
		};
/* End PBXTargetDependency section */

/* Begin PBXVariantGroup section */
		AEE852831DB4C0A700C991CC /* Main.storyboard */ = {
			isa = PBXVariantGroup;
			children = (
				AEE852841DB4C0A700C991CC /* Base */,
			);
			name = Main.storyboard;
			sourceTree = "<group>";
		};
		AEE852881DB4C0A700C991CC /* LaunchScreen.xib */ = {
			isa = PBXVariantGroup;
			children = (
				AEE852891DB4C0A700C991CC /* Base */,
			);
			name = LaunchScreen.xib;
			sourceTree = "<group>";
		};
/* End PBXVariantGroup section */

/* Begin XCBuildConfiguration section */
		AEE852971DB4C0A700C991CC /* Debug */ = {
			isa = XCBuildConfiguration;
			buildSettings = {
				ALWAYS_SEARCH_USER_PATHS = NO;
				CLANG_CXX_LANGUAGE_STANDARD = "gnu++0x";
				CLANG_CXX_LIBRARY = "libc++";
				CLANG_ENABLE_MODULES = YES;
				CLANG_ENABLE_OBJC_ARC = YES;
				CLANG_WARN_BOOL_CONVERSION = YES;
				CLANG_WARN_CONSTANT_CONVERSION = YES;
				CLANG_WARN_DIRECT_OBJC_ISA_USAGE = YES_ERROR;
				CLANG_WARN_EMPTY_BODY = YES;
				CLANG_WARN_ENUM_CONVERSION = YES;
				CLANG_WARN_INT_CONVERSION = YES;
				CLANG_WARN_OBJC_ROOT_CLASS = YES_ERROR;
				CLANG_WARN_UNREACHABLE_CODE = YES;
				CLANG_WARN__DUPLICATE_METHOD_MATCH = YES;
				"CODE_SIGN_IDENTITY[sdk=iphoneos*]" = "iPhone Developer";
				COPY_PHASE_STRIP = NO;
				DEBUG_INFORMATION_FORMAT = "dwarf-with-dsym";
				ENABLE_STRICT_OBJC_MSGSEND = YES;
				GCC_C_LANGUAGE_STANDARD = gnu99;
				GCC_DYNAMIC_NO_PIC = NO;
				GCC_NO_COMMON_BLOCKS = YES;
				GCC_OPTIMIZATION_LEVEL = 0;
				GCC_PREPROCESSOR_DEFINITIONS = (
					"DEBUG=1",
					"$(inherited)",
				);
				GCC_SYMBOLS_PRIVATE_EXTERN = NO;
				GCC_WARN_64_TO_32_BIT_CONVERSION = YES;
				GCC_WARN_ABOUT_RETURN_TYPE = YES_ERROR;
				GCC_WARN_UNDECLARED_SELECTOR = YES;
				GCC_WARN_UNINITIALIZED_AUTOS = YES_AGGRESSIVE;
				GCC_WARN_UNUSED_FUNCTION = YES;
				GCC_WARN_UNUSED_VARIABLE = YES;
				IPHONEOS_DEPLOYMENT_TARGET = 8.4;
				MTL_ENABLE_DEBUG_INFO = YES;
				ONLY_ACTIVE_ARCH = YES;
				SDKROOT = iphoneos;
				TARGETED_DEVICE_FAMILY = "1,2";
			};
			name = Debug;
		};
		AEE852981DB4C0A700C991CC /* Release */ = {
			isa = XCBuildConfiguration;
			buildSettings = {
				ALWAYS_SEARCH_USER_PATHS = NO;
				CLANG_CXX_LANGUAGE_STANDARD = "gnu++0x";
				CLANG_CXX_LIBRARY = "libc++";
				CLANG_ENABLE_MODULES = YES;
				CLANG_ENABLE_OBJC_ARC = YES;
				CLANG_WARN_BOOL_CONVERSION = YES;
				CLANG_WARN_CONSTANT_CONVERSION = YES;
				CLANG_WARN_DIRECT_OBJC_ISA_USAGE = YES_ERROR;
				CLANG_WARN_EMPTY_BODY = YES;
				CLANG_WARN_ENUM_CONVERSION = YES;
				CLANG_WARN_INT_CONVERSION = YES;
				CLANG_WARN_OBJC_ROOT_CLASS = YES_ERROR;
				CLANG_WARN_UNREACHABLE_CODE = YES;
				CLANG_WARN__DUPLICATE_METHOD_MATCH = YES;
				"CODE_SIGN_IDENTITY[sdk=iphoneos*]" = "iPhone Developer";
				COPY_PHASE_STRIP = NO;
				DEBUG_INFORMATION_FORMAT = "dwarf-with-dsym";
				ENABLE_NS_ASSERTIONS = NO;
				ENABLE_STRICT_OBJC_MSGSEND = YES;
				GCC_C_LANGUAGE_STANDARD = gnu99;
				GCC_NO_COMMON_BLOCKS = YES;
				GCC_WARN_64_TO_32_BIT_CONVERSION = YES;
				GCC_WARN_ABOUT_RETURN_TYPE = YES_ERROR;
				GCC_WARN_UNDECLARED_SELECTOR = YES;
				GCC_WARN_UNINITIALIZED_AUTOS = YES_AGGRESSIVE;
				GCC_WARN_UNUSED_FUNCTION = YES;
				GCC_WARN_UNUSED_VARIABLE = YES;
				IPHONEOS_DEPLOYMENT_TARGET = 8.4;
				MTL_ENABLE_DEBUG_INFO = NO;
				SDKROOT = iphoneos;
				TARGETED_DEVICE_FAMILY = "1,2";
				VALIDATE_PRODUCT = YES;
			};
			name = Release;
		};
		AEE8529A1DB4C0A700C991CC /* Debug */ = {
			isa = XCBuildConfiguration;
			buildSettings = {
				ASSETCATALOG_COMPILER_APPICON_NAME = AppIcon;
				INFOPLIST_FILE = "广告轮播/Info.plist";
				LD_RUNPATH_SEARCH_PATHS = "$(inherited) @executable_path/Frameworks";
				PRODUCT_NAME = "$(TARGET_NAME)";
			};
			name = Debug;
		};
		AEE8529B1DB4C0A700C991CC /* Release */ = {
			isa = XCBuildConfiguration;
			buildSettings = {
				ASSETCATALOG_COMPILER_APPICON_NAME = AppIcon;
				INFOPLIST_FILE = "广告轮播/Info.plist";
				LD_RUNPATH_SEARCH_PATHS = "$(inherited) @executable_path/Frameworks";
				PRODUCT_NAME = "$(TARGET_NAME)";
			};
			name = Release;
		};
		AEE8529D1DB4C0A700C991CC /* Debug */ = {
			isa = XCBuildConfiguration;
			buildSettings = {
				BUNDLE_LOADER = "$(TEST_HOST)";
				FRAMEWORK_SEARCH_PATHS = (
					"$(SDKROOT)/Developer/Library/Frameworks",
					"$(inherited)",
				);
				GCC_PREPROCESSOR_DEFINITIONS = (
					"DEBUG=1",
					"$(inherited)",
				);
				INFOPLIST_FILE = "广告轮播Tests/Info.plist";
				LD_RUNPATH_SEARCH_PATHS = "$(inherited) @executable_path/Frameworks @loader_path/Frameworks";
				PRODUCT_NAME = "$(TARGET_NAME)";
				TEST_HOST = "$(BUILT_PRODUCTS_DIR)/广告轮播.app/广告轮播";
			};
			name = Debug;
		};
		AEE8529E1DB4C0A700C991CC /* Release */ = {
			isa = XCBuildConfiguration;
			buildSettings = {
				BUNDLE_LOADER = "$(TEST_HOST)";
				FRAMEWORK_SEARCH_PATHS = (
					"$(SDKROOT)/Developer/Library/Frameworks",
					"$(inherited)",
				);
				INFOPLIST_FILE = "广告轮播Tests/Info.plist";
				LD_RUNPATH_SEARCH_PATHS = "$(inherited) @executable_path/Frameworks @loader_path/Frameworks";
				PRODUCT_NAME = "$(TARGET_NAME)";
				TEST_HOST = "$(BUILT_PRODUCTS_DIR)/广告轮播.app/广告轮播";
			};
			name = Release;
		};
/* End XCBuildConfiguration section */

/* Begin XCConfigurationList section */
		AEE852711DB4C0A700C991CC /* Build configuration list for PBXProject "广告轮播" */ = {
			isa = XCConfigurationList;
			buildConfigurations = (
				AEE852971DB4C0A700C991CC /* Debug */,
				AEE852981DB4C0A700C991CC /* Release */,
			);
			defaultConfigurationIsVisible = 0;
			defaultConfigurationName = Release;
		};
		AEE852991DB4C0A700C991CC /* Build configuration list for PBXNativeTarget "广告轮播" */ = {
			isa = XCConfigurationList;
			buildConfigurations = (
				AEE8529A1DB4C0A700C991CC /* Debug */,
				AEE8529B1DB4C0A700C991CC /* Release */,
			);
			defaultConfigurationIsVisible = 0;
		};
		AEE8529C1DB4C0A700C991CC /* Build configuration list for PBXNativeTarget "广告轮播Tests" */ = {
			isa = XCConfigurationList;
			buildConfigurations = (
				AEE8529D1DB4C0A700C991CC /* Debug */,
				AEE8529E1DB4C0A700C991CC /* Release */,
			);
			defaultConfigurationIsVisible = 0;
		};
/* End XCConfigurationList section */
	};
	rootObject = AEE8526E1DB4C0A700C991CC /* Project object */;
}
