// !$*UTF8*$!
{
	archiveVersion = 1;
	classes = {
	};
	objectVersion = 46;
	objects = {

/* Begin PBXBuildFile section */
		AEEF0B2C1DD068FF002B20E8 /* main.m in Sources */ = {isa = PBXBuildFile; fileRef = AEEF0B2B1DD068FF002B20E8 /* main.m */; };
		AEEF0B2F1DD068FF002B20E8 /* AppDelegate.m in Sources */ = {isa = PBXBuildFile; fileRef = AEEF0B2E1DD068FF002B20E8 /* AppDelegate.m */; };
		AEEF0B321DD068FF002B20E8 /* ViewController.m in Sources */ = {isa = PBXBuildFile; fileRef = AEEF0B311DD068FF002B20E8 /* ViewController.m */; };
		AEEF0B351DD068FF002B20E8 /* Main.storyboard in Resources */ = {isa = PBXBuildFile; fileRef = AEEF0B331DD068FF002B20E8 /* Main.storyboard */; };
		AEEF0B371DD068FF002B20E8 /* Images.xcassets in Resources */ = {isa = PBXBuildFile; fileRef = AEEF0B361DD068FF002B20E8 /* Images.xcassets */; };
		AEEF0B3A1DD068FF002B20E8 /* LaunchScreen.xib in Resources */ = {isa = PBXBuildFile; fileRef = AEEF0B381DD068FF002B20E8 /* LaunchScreen.xib */; };
		AEEF0B461DD068FF002B20E8 /* _____Tests.m in Sources */ = {isa = PBXBuildFile; fileRef = AEEF0B451DD068FF002B20E8 /* _____Tests.m */; };
/* End PBXBuildFile section */

/* Begin PBXContainerItemProxy section */
		AEEF0B401DD068FF002B20E8 /* PBXContainerItemProxy */ = {
			isa = PBXContainerItemProxy;
			containerPortal = AEEF0B1E1DD068FF002B20E8 /* Project object */;
			proxyType = 1;
			remoteGlobalIDString = AEEF0B251DD068FF002B20E8;
			remoteInfo = "静态单元格";
		};
/* End PBXContainerItemProxy section */

/* Begin PBXFileReference section */
		AEEF0B261DD068FF002B20E8 /* 静态单元格.app */ = {isa = PBXFileReference; explicitFileType = wrapper.application; includeInIndex = 0; path = "静态单元格.app"; sourceTree = BUILT_PRODUCTS_DIR; };
		AEEF0B2A1DD068FF002B20E8 /* Info.plist */ = {isa = PBXFileReference; lastKnownFileType = text.plist.xml; path = Info.plist; sourceTree = "<group>"; };
		AEEF0B2B1DD068FF002B20E8 /* main.m */ = {isa = PBXFileReference; lastKnownFileType = sourcecode.c.objc; path = main.m; sourceTree = "<group>"; };
		AEEF0B2D1DD068FF002B20E8 /* AppDelegate.h */ = {isa = PBXFileReference; lastKnownFileType = sourcecode.c.h; path = AppDelegate.h; sourceTree = "<group>"; };
		AEEF0B2E1DD068FF002B20E8 /* AppDelegate.m */ = {isa = PBXFileReference; lastKnownFileType = sourcecode.c.objc; path = AppDelegate.m; sourceTree = "<group>"; };
		AEEF0B301DD068FF002B20E8 /* ViewController.h */ = {isa = PBXFileReference; lastKnownFileType = sourcecode.c.h; path = ViewController.h; sourceTree = "<group>"; };
		AEEF0B311DD068FF002B20E8 /* ViewController.m */ = {isa = PBXFileReference; lastKnownFileType = sourcecode.c.objc; path = ViewController.m; sourceTree = "<group>"; };
		AEEF0B341DD068FF002B20E8 /* Base */ = {isa = PBXFileReference; lastKnownFileType = file.storyboard; name = Base; path = Base.lproj/Main.storyboard; sourceTree = "<group>"; };
		AEEF0B361DD068FF002B20E8 /* Images.xcassets */ = {isa = PBXFileReference; lastKnownFileType = folder.assetcatalog; path = Images.xcassets; sourceTree = "<group>"; };
		AEEF0B391DD068FF002B20E8 /* Base */ = {isa = PBXFileReference; lastKnownFileType = file.xib; name = Base; path = Base.lproj/LaunchScreen.xib; sourceTree = "<group>"; };
		AEEF0B3F1DD068FF002B20E8 /* 静态单元格Tests.xctest */ = {isa = PBXFileReference; explicitFileType = wrapper.cfbundle; includeInIndex = 0; path = "静态单元格Tests.xctest"; sourceTree = BUILT_PRODUCTS_DIR; };
		AEEF0B441DD068FF002B20E8 /* Info.plist */ = {isa = PBXFileReference; lastKnownFileType = text.plist.xml; path = Info.plist; sourceTree = "<group>"; };
		AEEF0B451DD068FF002B20E8 /* _____Tests.m */ = {isa = PBXFileReference; lastKnownFileType = sourcecode.c.objc; path = "_____Tests.m"; sourceTree = "<group>"; };
/* End PBXFileReference section */

/* Begin PBXFrameworksBuildPhase section */
		AEEF0B231DD068FF002B20E8 /* Frameworks */ = {
			isa = PBXFrameworksBuildPhase;
			buildActionMask = 2147483647;
			files = (
			);
			runOnlyForDeploymentPostprocessing = 0;
		};
		AEEF0B3C1DD068FF002B20E8 /* Frameworks */ = {
			isa = PBXFrameworksBuildPhase;
			buildActionMask = 2147483647;
			files = (
			);
			runOnlyForDeploymentPostprocessing = 0;
		};
/* End PBXFrameworksBuildPhase section */

/* Begin PBXGroup section */
		AEEF0B1D1DD068FF002B20E8 = {
			isa = PBXGroup;
			children = (
				AEEF0B281DD068FF002B20E8 /* 静态单元格 */,
				AEEF0B421DD068FF002B20E8 /* 静态单元格Tests */,
				AEEF0B271DD068FF002B20E8 /* Products */,
			);
			sourceTree = "<group>";
		};
		AEEF0B271DD068FF002B20E8 /* Products */ = {
			isa = PBXGroup;
			children = (
				AEEF0B261DD068FF002B20E8 /* 静态单元格.app */,
				AEEF0B3F1DD068FF002B20E8 /* 静态单元格Tests.xctest */,
			);
			name = Products;
			sourceTree = "<group>";
		};
		AEEF0B281DD068FF002B20E8 /* 静态单元格 */ = {
			isa = PBXGroup;
			children = (
				AEEF0B2D1DD068FF002B20E8 /* AppDelegate.h */,
				AEEF0B2E1DD068FF002B20E8 /* AppDelegate.m */,
				AEEF0B301DD068FF002B20E8 /* ViewController.h */,
				AEEF0B311DD068FF002B20E8 /* ViewController.m */,
				AEEF0B331DD068FF002B20E8 /* Main.storyboard */,
				AEEF0B361DD068FF002B20E8 /* Images.xcassets */,
				AEEF0B381DD068FF002B20E8 /* LaunchScreen.xib */,
				AEEF0B291DD068FF002B20E8 /* Supporting Files */,
			);
			path = "静态单元格";
			sourceTree = "<group>";
		};
		AEEF0B291DD068FF002B20E8 /* Supporting Files */ = {
			isa = PBXGroup;
			children = (
				AEEF0B2A1DD068FF002B20E8 /* Info.plist */,
				AEEF0B2B1DD068FF002B20E8 /* main.m */,
			);
			name = "Supporting Files";
			sourceTree = "<group>";
		};
		AEEF0B421DD068FF002B20E8 /* 静态单元格Tests */ = {
			isa = PBXGroup;
			children = (
				AEEF0B451DD068FF002B20E8 /* _____Tests.m */,
				AEEF0B431DD068FF002B20E8 /* Supporting Files */,
			);
			path = "静态单元格Tests";
			sourceTree = "<group>";
		};
		AEEF0B431DD068FF002B20E8 /* Supporting Files */ = {
			isa = PBXGroup;
			children = (
				AEEF0B441DD068FF002B20E8 /* Info.plist */,
			);
			name = "Supporting Files";
			sourceTree = "<group>";
		};
/* End PBXGroup section */

/* Begin PBXNativeTarget section */
		AEEF0B251DD068FF002B20E8 /* 静态单元格 */ = {
			isa = PBXNativeTarget;
			buildConfigurationList = AEEF0B491DD068FF002B20E8 /* Build configuration list for PBXNativeTarget "静态单元格" */;
			buildPhases = (
				AEEF0B221DD068FF002B20E8 /* Sources */,
				AEEF0B231DD068FF002B20E8 /* Frameworks */,
				AEEF0B241DD068FF002B20E8 /* Resources */,
			);
			buildRules = (
			);
			dependencies = (
			);
			name = "静态单元格";
			productName = "静态单元格";
			productReference = AEEF0B261DD068FF002B20E8 /* 静态单元格.app */;
			productType = "com.apple.product-type.application";
		};
		AEEF0B3E1DD068FF002B20E8 /* 静态单元格Tests */ = {
			isa = PBXNativeTarget;
			buildConfigurationList = AEEF0B4C1DD068FF002B20E8 /* Build configuration list for PBXNativeTarget "静态单元格Tests" */;
			buildPhases = (
				AEEF0B3B1DD068FF002B20E8 /* Sources */,
				AEEF0B3C1DD068FF002B20E8 /* Frameworks */,
				AEEF0B3D1DD068FF002B20E8 /* Resources */,
			);
			buildRules = (
			);
			dependencies = (
				AEEF0B411DD068FF002B20E8 /* PBXTargetDependency */,
			);
			name = "静态单元格Tests";
			productName = "静态单元格Tests";
			productReference = AEEF0B3F1DD068FF002B20E8 /* 静态单元格Tests.xctest */;
			productType = "com.apple.product-type.bundle.unit-test";
		};
/* End PBXNativeTarget section */

/* Begin PBXProject section */
		AEEF0B1E1DD068FF002B20E8 /* Project object */ = {
			isa = PBXProject;
			attributes = {
				LastUpgradeCheck = 0640;
				ORGANIZATIONNAME = "安徽商贸职业技术学院";
				TargetAttributes = {
					AEEF0B251DD068FF002B20E8 = {
						CreatedOnToolsVersion = 6.4;
					};
					AEEF0B3E1DD068FF002B20E8 = {
						CreatedOnToolsVersion = 6.4;
						TestTargetID = AEEF0B251DD068FF002B20E8;
					};
				};
			};
			buildConfigurationList = AEEF0B211DD068FF002B20E8 /* Build configuration list for PBXProject "静态单元格" */;
			compatibilityVersion = "Xcode 3.2";
			developmentRegion = English;
			hasScannedForEncodings = 0;
			knownRegions = (
				en,
				Base,
			);
			mainGroup = AEEF0B1D1DD068FF002B20E8;
			productRefGroup = AEEF0B271DD068FF002B20E8 /* Products */;
			projectDirPath = "";
			projectRoot = "";
			targets = (
				AEEF0B251DD068FF002B20E8 /* 静态单元格 */,
				AEEF0B3E1DD068FF002B20E8 /* 静态单元格Tests */,
			);
		};
/* End PBXProject section */

/* Begin PBXResourcesBuildPhase section */
		AEEF0B241DD068FF002B20E8 /* Resources */ = {
			isa = PBXResourcesBuildPhase;
			buildActionMask = 2147483647;
			files = (
				AEEF0B351DD068FF002B20E8 /* Main.storyboard in Resources */,
				AEEF0B3A1DD068FF002B20E8 /* LaunchScreen.xib in Resources */,
				AEEF0B371DD068FF002B20E8 /* Images.xcassets in Resources */,
			);
			runOnlyForDeploymentPostprocessing = 0;
		};
		AEEF0B3D1DD068FF002B20E8 /* Resources */ = {
			isa = PBXResourcesBuildPhase;
			buildActionMask = 2147483647;
			files = (
			);
			runOnlyForDeploymentPostprocessing = 0;
		};
/* End PBXResourcesBuildPhase section */

/* Begin PBXSourcesBuildPhase section */
		AEEF0B221DD068FF002B20E8 /* Sources */ = {
			isa = PBXSourcesBuildPhase;
			buildActionMask = 2147483647;
			files = (
				AEEF0B321DD068FF002B20E8 /* ViewController.m in Sources */,
				AEEF0B2F1DD068FF002B20E8 /* AppDelegate.m in Sources */,
				AEEF0B2C1DD068FF002B20E8 /* main.m in Sources */,
			);
			runOnlyForDeploymentPostprocessing = 0;
		};
		AEEF0B3B1DD068FF002B20E8 /* Sources */ = {
			isa = PBXSourcesBuildPhase;
			buildActionMask = 2147483647;
			files = (
				AEEF0B461DD068FF002B20E8 /* _____Tests.m in Sources */,
			);
			runOnlyForDeploymentPostprocessing = 0;
		};
/* End PBXSourcesBuildPhase section */

/* Begin PBXTargetDependency section */
		AEEF0B411DD068FF002B20E8 /* PBXTargetDependency */ = {
			isa = PBXTargetDependency;
			target = AEEF0B251DD068FF002B20E8 /* 静态单元格 */;
			targetProxy = AEEF0B401DD068FF002B20E8 /* PBXContainerItemProxy */;
		};
/* End PBXTargetDependency section */

/* Begin PBXVariantGroup section */
		AEEF0B331DD068FF002B20E8 /* Main.storyboard */ = {
			isa = PBXVariantGroup;
			children = (
				AEEF0B341DD068FF002B20E8 /* Base */,
			);
			name = Main.storyboard;
			sourceTree = "<group>";
		};
		AEEF0B381DD068FF002B20E8 /* LaunchScreen.xib */ = {
			isa = PBXVariantGroup;
			children = (
				AEEF0B391DD068FF002B20E8 /* Base */,
			);
			name = LaunchScreen.xib;
			sourceTree = "<group>";
		};
/* End PBXVariantGroup section */

/* Begin XCBuildConfiguration section */
		AEEF0B471DD068FF002B20E8 /* Debug */ = {
			isa = XCBuildConfiguration;
			buildSettings = {
				ALWAYS_SEARCH_USER_PATHS = NO;
				CLANG_CXX_LANGUAGE_STANDARD = "gnu++0x";
				CLANG_CXX_LIBRARY = "libc++";
				CLANG_ENABLE_MODULES = YES;
				CLANG_ENABLE_OBJC_ARC = YES;
				CLANG_WARN_BOOL_CONVERSION = YES;
				CLANG_WARN_CONSTANT_CONVERSION = YES;
				CLANG_WARN_DIRECT_OBJC_ISA_USAGE = YES_ERROR;
				CLANG_WARN_EMPTY_BODY = YES;
				CLANG_WARN_ENUM_CONVERSION = YES;
				CLANG_WARN_INT_CONVERSION = YES;
				CLANG_WARN_OBJC_ROOT_CLASS = YES_ERROR;
				CLANG_WARN_UNREACHABLE_CODE = YES;
				CLANG_WARN__DUPLICATE_METHOD_MATCH = YES;
				"CODE_SIGN_IDENTITY[sdk=iphoneos*]" = "iPhone Developer";
				COPY_PHASE_STRIP = NO;
				DEBUG_INFORMATION_FORMAT = "dwarf-with-dsym";
				ENABLE_STRICT_OBJC_MSGSEND = YES;
				GCC_C_LANGUAGE_STANDARD = gnu99;
				GCC_DYNAMIC_NO_PIC = NO;
				GCC_NO_COMMON_BLOCKS = YES;
				GCC_OPTIMIZATION_LEVEL = 0;
				GCC_PREPROCESSOR_DEFINITIONS = (
					"DEBUG=1",
					"$(inherited)",
				);
				GCC_SYMBOLS_PRIVATE_EXTERN = NO;
				GCC_WARN_64_TO_32_BIT_CONVERSION = YES;
				GCC_WARN_ABOUT_RETURN_TYPE = YES_ERROR;
				GCC_WARN_UNDECLARED_SELECTOR = YES;
				GCC_WARN_UNINITIALIZED_AUTOS = YES_AGGRESSIVE;
				GCC_WARN_UNUSED_FUNCTION = YES;
				GCC_WARN_UNUSED_VARIABLE = YES;
				IPHONEOS_DEPLOYMENT_TARGET = 8.4;
				MTL_ENABLE_DEBUG_INFO = YES;
				ONLY_ACTIVE_ARCH = YES;
				SDKROOT = iphoneos;
				TARGETED_DEVICE_FAMILY = "1,2";
			};
			name = Debug;
		};
		AEEF0B481DD068FF002B20E8 /* Release */ = {
			isa = XCBuildConfiguration;
			buildSettings = {
				ALWAYS_SEARCH_USER_PATHS = NO;
				CLANG_CXX_LANGUAGE_STANDARD = "gnu++0x";
				CLANG_CXX_LIBRARY = "libc++";
				CLANG_ENABLE_MODULES = YES;
				CLANG_ENABLE_OBJC_ARC = YES;
				CLANG_WARN_BOOL_CONVERSION = YES;
				CLANG_WARN_CONSTANT_CONVERSION = YES;
				CLANG_WARN_DIRECT_OBJC_ISA_USAGE = YES_ERROR;
				CLANG_WARN_EMPTY_BODY = YES;
				CLANG_WARN_ENUM_CONVERSION = YES;
				CLANG_WARN_INT_CONVERSION = YES;
				CLANG_WARN_OBJC_ROOT_CLASS = YES_ERROR;
				CLANG_WARN_UNREACHABLE_CODE = YES;
				CLANG_WARN__DUPLICATE_METHOD_MATCH = YES;
				"CODE_SIGN_IDENTITY[sdk=iphoneos*]" = "iPhone Developer";
				COPY_PHASE_STRIP = NO;
				DEBUG_INFORMATION_FORMAT = "dwarf-with-dsym";
				ENABLE_NS_ASSERTIONS = NO;
				ENABLE_STRICT_OBJC_MSGSEND = YES;
				GCC_C_LANGUAGE_STANDARD = gnu99;
				GCC_NO_COMMON_BLOCKS = YES;
				GCC_WARN_64_TO_32_BIT_CONVERSION = YES;
				GCC_WARN_ABOUT_RETURN_TYPE = YES_ERROR;
				GCC_WARN_UNDECLARED_SELECTOR = YES;
				GCC_WARN_UNINITIALIZED_AUTOS = YES_AGGRESSIVE;
				GCC_WARN_UNUSED_FUNCTION = YES;
				GCC_WARN_UNUSED_VARIABLE = YES;
				IPHONEOS_DEPLOYMENT_TARGET = 8.4;
				MTL_ENABLE_DEBUG_INFO = NO;
				SDKROOT = iphoneos;
				TARGETED_DEVICE_FAMILY = "1,2";
				VALIDATE_PRODUCT = YES;
			};
			name = Release;
		};
		AEEF0B4A1DD068FF002B20E8 /* Debug */ = {
			isa = XCBuildConfiguration;
			buildSettings = {
				ASSETCATALOG_COMPILER_APPICON_NAME = AppIcon;
				INFOPLIST_FILE = "静态单元格/Info.plist";
				LD_RUNPATH_SEARCH_PATHS = "$(inherited) @executable_path/Frameworks";
				PRODUCT_NAME = "$(TARGET_NAME)";
			};
			name = Debug;
		};
		AEEF0B4B1DD068FF002B20E8 /* Release */ = {
			isa = XCBuildConfiguration;
			buildSettings = {
				ASSETCATALOG_COMPILER_APPICON_NAME = AppIcon;
				INFOPLIST_FILE = "静态单元格/Info.plist";
				LD_RUNPATH_SEARCH_PATHS = "$(inherited) @executable_path/Frameworks";
				PRODUCT_NAME = "$(TARGET_NAME)";
			};
			name = Release;
		};
		AEEF0B4D1DD068FF002B20E8 /* Debug */ = {
			isa = XCBuildConfiguration;
			buildSettings = {
				BUNDLE_LOADER = "$(TEST_HOST)";
				FRAMEWORK_SEARCH_PATHS = (
					"$(SDKROOT)/Developer/Library/Frameworks",
					"$(inherited)",
				);
				GCC_PREPROCESSOR_DEFINITIONS = (
					"DEBUG=1",
					"$(inherited)",
				);
				INFOPLIST_FILE = "静态单元格Tests/Info.plist";
				LD_RUNPATH_SEARCH_PATHS = "$(inherited) @executable_path/Frameworks @loader_path/Frameworks";
				PRODUCT_NAME = "$(TARGET_NAME)";
				TEST_HOST = "$(BUILT_PRODUCTS_DIR)/静态单元格.app/静态单元格";
			};
			name = Debug;
		};
		AEEF0B4E1DD068FF002B20E8 /* Release */ = {
			isa = XCBuildConfiguration;
			buildSettings = {
				BUNDLE_LOADER = "$(TEST_HOST)";
				FRAMEWORK_SEARCH_PATHS = (
					"$(SDKROOT)/Developer/Library/Frameworks",
					"$(inherited)",
				);
				INFOPLIST_FILE = "静态单元格Tests/Info.plist";
				LD_RUNPATH_SEARCH_PATHS = "$(inherited) @executable_path/Frameworks @loader_path/Frameworks";
				PRODUCT_NAME = "$(TARGET_NAME)";
				TEST_HOST = "$(BUILT_PRODUCTS_DIR)/静态单元格.app/静态单元格";
			};
			name = Release;
		};
/* End XCBuildConfiguration section */

/* Begin XCConfigurationList section */
		AEEF0B211DD068FF002B20E8 /* Build configuration list for PBXProject "静态单元格" */ = {
			isa = XCConfigurationList;
			buildConfigurations = (
				AEEF0B471DD068FF002B20E8 /* Debug */,
				AEEF0B481DD068FF002B20E8 /* Release */,
			);
			defaultConfigurationIsVisible = 0;
			defaultConfigurationName = Release;
		};
		AEEF0B491DD068FF002B20E8 /* Build configuration list for PBXNativeTarget "静态单元格" */ = {
			isa = XCConfigurationList;
			buildConfigurations = (
				AEEF0B4A1DD068FF002B20E8 /* Debug */,
				AEEF0B4B1DD068FF002B20E8 /* Release */,
			);
			defaultConfigurationIsVisible = 0;
		};
		AEEF0B4C1DD068FF002B20E8 /* Build configuration list for PBXNativeTarget "静态单元格Tests" */ = {
			isa = XCConfigurationList;
			buildConfigurations = (
				AEEF0B4D1DD068FF002B20E8 /* Debug */,
				AEEF0B4E1DD068FF002B20E8 /* Release */,
			);
			defaultConfigurationIsVisible = 0;
		};
/* End XCConfigurationList section */
	};
	rootObject = AEEF0B1E1DD068FF002B20E8 /* Project object */;
}
