// !$*UTF8*$!
{
	archiveVersion = 1;
	classes = {
	};
	objectVersion = 50;
	objects = {

/* Begin PBXBuildFile section */
		ADB9219921E474B90010F6B0 /* AppDelegate.m in Sources */ = {isa = PBXBuildFile; fileRef = ADB9219821E474B90010F6B0 /* AppDelegate.m */; };
		ADB9219C21E474B90010F6B0 /* ViewController.m in Sources */ = {isa = PBXBuildFile; fileRef = ADB9219B21E474B90010F6B0 /* ViewController.m */; };
		ADB9219F21E474B90010F6B0 /* Main.storyboard in Resources */ = {isa = PBXBuildFile; fileRef = ADB9219D21E474B90010F6B0 /* Main.storyboard */; };
		ADB921A121E474BA0010F6B0 /* Assets.xcassets in Resources */ = {isa = PBXBuildFile; fileRef = ADB921A021E474BA0010F6B0 /* Assets.xcassets */; };
		ADB921A421E474BA0010F6B0 /* LaunchScreen.storyboard in Resources */ = {isa = PBXBuildFile; fileRef = ADB921A221E474BA0010F6B0 /* LaunchScreen.storyboard */; };
		ADB921A721E474BA0010F6B0 /* main.m in Sources */ = {isa = PBXBuildFile; fileRef = ADB921A621E474BA0010F6B0 /* main.m */; };
/* End PBXBuildFile section */

/* Begin PBXFileReference section */
		ADB9219421E474B90010F6B0 /* for循环创建九宫格.app */ = {isa = PBXFileReference; explicitFileType = wrapper.application; includeInIndex = 0; path = "for循环创建九宫格.app"; sourceTree = BUILT_PRODUCTS_DIR; };
		ADB9219721E474B90010F6B0 /* AppDelegate.h */ = {isa = PBXFileReference; lastKnownFileType = sourcecode.c.h; path = AppDelegate.h; sourceTree = "<group>"; };
		ADB9219821E474B90010F6B0 /* AppDelegate.m */ = {isa = PBXFileReference; lastKnownFileType = sourcecode.c.objc; path = AppDelegate.m; sourceTree = "<group>"; };
		ADB9219A21E474B90010F6B0 /* ViewController.h */ = {isa = PBXFileReference; lastKnownFileType = sourcecode.c.h; path = ViewController.h; sourceTree = "<group>"; };
		ADB9219B21E474B90010F6B0 /* ViewController.m */ = {isa = PBXFileReference; lastKnownFileType = sourcecode.c.objc; path = ViewController.m; sourceTree = "<group>"; };
		ADB9219E21E474B90010F6B0 /* Base */ = {isa = PBXFileReference; lastKnownFileType = file.storyboard; name = Base; path = Base.lproj/Main.storyboard; sourceTree = "<group>"; };
		ADB921A021E474BA0010F6B0 /* Assets.xcassets */ = {isa = PBXFileReference; lastKnownFileType = folder.assetcatalog; path = Assets.xcassets; sourceTree = "<group>"; };
		ADB921A321E474BA0010F6B0 /* Base */ = {isa = PBXFileReference; lastKnownFileType = file.storyboard; name = Base; path = Base.lproj/LaunchScreen.storyboard; sourceTree = "<group>"; };
		ADB921A521E474BA0010F6B0 /* Info.plist */ = {isa = PBXFileReference; lastKnownFileType = text.plist.xml; path = Info.plist; sourceTree = "<group>"; };
		ADB921A621E474BA0010F6B0 /* main.m */ = {isa = PBXFileReference; lastKnownFileType = sourcecode.c.objc; path = main.m; sourceTree = "<group>"; };
/* End PBXFileReference section */

/* Begin PBXFrameworksBuildPhase section */
		ADB9219121E474B90010F6B0 /* Frameworks */ = {
			isa = PBXFrameworksBuildPhase;
			buildActionMask = 2147483647;
			files = (
			);
			runOnlyForDeploymentPostprocessing = 0;
		};
/* End PBXFrameworksBuildPhase section */

/* Begin PBXGroup section */
		ADB9218B21E474B90010F6B0 = {
			isa = PBXGroup;
			children = (
				ADB9219621E474B90010F6B0 /* for循环创建九宫格 */,
				ADB9219521E474B90010F6B0 /* Products */,
			);
			sourceTree = "<group>";
		};
		ADB9219521E474B90010F6B0 /* Products */ = {
			isa = PBXGroup;
			children = (
				ADB9219421E474B90010F6B0 /* for循环创建九宫格.app */,
			);
			name = Products;
			sourceTree = "<group>";
		};
		ADB9219621E474B90010F6B0 /* for循环创建九宫格 */ = {
			isa = PBXGroup;
			children = (
				ADB9219721E474B90010F6B0 /* AppDelegate.h */,
				ADB9219821E474B90010F6B0 /* AppDelegate.m */,
				ADB9219A21E474B90010F6B0 /* ViewController.h */,
				ADB9219B21E474B90010F6B0 /* ViewController.m */,
				ADB9219D21E474B90010F6B0 /* Main.storyboard */,
				ADB921A021E474BA0010F6B0 /* Assets.xcassets */,
				ADB921A221E474BA0010F6B0 /* LaunchScreen.storyboard */,
				ADB921A521E474BA0010F6B0 /* Info.plist */,
				ADB921A621E474BA0010F6B0 /* main.m */,
			);
			path = "for循环创建九宫格";
			sourceTree = "<group>";
		};
/* End PBXGroup section */

/* Begin PBXNativeTarget section */
		ADB9219321E474B90010F6B0 /* for循环创建九宫格 */ = {
			isa = PBXNativeTarget;
			buildConfigurationList = ADB921AA21E474BA0010F6B0 /* Build configuration list for PBXNativeTarget "for循环创建九宫格" */;
			buildPhases = (
				ADB9219021E474B90010F6B0 /* Sources */,
				ADB9219121E474B90010F6B0 /* Frameworks */,
				ADB9219221E474B90010F6B0 /* Resources */,
			);
			buildRules = (
			);
			dependencies = (
			);
			name = "for循环创建九宫格";
			productName = "for循环创建九宫格";
			productReference = ADB9219421E474B90010F6B0 /* for循环创建九宫格.app */;
			productType = "com.apple.product-type.application";
		};
/* End PBXNativeTarget section */

/* Begin PBXProject section */
		ADB9218C21E474B90010F6B0 /* Project object */ = {
			isa = PBXProject;
			attributes = {
				LastUpgradeCheck = 1000;
				ORGANIZATIONNAME = abc;
				TargetAttributes = {
					ADB9219321E474B90010F6B0 = {
						CreatedOnToolsVersion = 10.0;
					};
				};
			};
			buildConfigurationList = ADB9218F21E474B90010F6B0 /* Build configuration list for PBXProject "for循环创建九宫格" */;
			compatibilityVersion = "Xcode 9.3";
			developmentRegion = en;
			hasScannedForEncodings = 0;
			knownRegions = (
				en,
				Base,
			);
			mainGroup = ADB9218B21E474B90010F6B0;
			productRefGroup = ADB9219521E474B90010F6B0 /* Products */;
			projectDirPath = "";
			projectRoot = "";
			targets = (
				ADB9219321E474B90010F6B0 /* for循环创建九宫格 */,
			);
		};
/* End PBXProject section */

/* Begin PBXResourcesBuildPhase section */
		ADB9219221E474B90010F6B0 /* Resources */ = {
			isa = PBXResourcesBuildPhase;
			buildActionMask = 2147483647;
			files = (
				ADB921A421E474BA0010F6B0 /* LaunchScreen.storyboard in Resources */,
				ADB921A121E474BA0010F6B0 /* Assets.xcassets in Resources */,
				ADB9219F21E474B90010F6B0 /* Main.storyboard in Resources */,
			);
			runOnlyForDeploymentPostprocessing = 0;
		};
/* End PBXResourcesBuildPhase section */

/* Begin PBXSourcesBuildPhase section */
		ADB9219021E474B90010F6B0 /* Sources */ = {
			isa = PBXSourcesBuildPhase;
			buildActionMask = 2147483647;
			files = (
				ADB9219C21E474B90010F6B0 /* ViewController.m in Sources */,
				ADB921A721E474BA0010F6B0 /* main.m in Sources */,
				ADB9219921E474B90010F6B0 /* AppDelegate.m in Sources */,
			);
			runOnlyForDeploymentPostprocessing = 0;
		};
/* End PBXSourcesBuildPhase section */

/* Begin PBXVariantGroup section */
		ADB9219D21E474B90010F6B0 /* Main.storyboard */ = {
			isa = PBXVariantGroup;
			children = (
				ADB9219E21E474B90010F6B0 /* Base */,
			);
			name = Main.storyboard;
			sourceTree = "<group>";
		};
		ADB921A221E474BA0010F6B0 /* LaunchScreen.storyboard */ = {
			isa = PBXVariantGroup;
			children = (
				ADB921A321E474BA0010F6B0 /* Base */,
			);
			name = LaunchScreen.storyboard;
			sourceTree = "<group>";
		};
/* End PBXVariantGroup section */

/* Begin XCBuildConfiguration section */
		ADB921A821E474BA0010F6B0 /* Debug */ = {
			isa = XCBuildConfiguration;
			buildSettings = {
				ALWAYS_SEARCH_USER_PATHS = NO;
				CLANG_ANALYZER_NONNULL = YES;
				CLANG_ANALYZER_NUMBER_OBJECT_CONVERSION = YES_AGGRESSIVE;
				CLANG_CXX_LANGUAGE_STANDARD = "gnu++14";
				CLANG_CXX_LIBRARY = "libc++";
				CLANG_ENABLE_MODULES = YES;
				CLANG_ENABLE_OBJC_ARC = YES;
				CLANG_ENABLE_OBJC_WEAK = YES;
				CLANG_WARN_BLOCK_CAPTURE_AUTORELEASING = YES;
				CLANG_WARN_BOOL_CONVERSION = YES;
				CLANG_WARN_COMMA = YES;
				CLANG_WARN_CONSTANT_CONVERSION = YES;
				CLANG_WARN_DEPRECATED_OBJC_IMPLEMENTATIONS = YES;
				CLANG_WARN_DIRECT_OBJC_ISA_USAGE = YES_ERROR;
				CLANG_WARN_DOCUMENTATION_COMMENTS = YES;
				CLANG_WARN_EMPTY_BODY = YES;
				CLANG_WARN_ENUM_CONVERSION = YES;
				CLANG_WARN_INFINITE_RECURSION = YES;
				CLANG_WARN_INT_CONVERSION = YES;
				CLANG_WARN_NON_LITERAL_NULL_CONVERSION = YES;
				CLANG_WARN_OBJC_IMPLICIT_RETAIN_SELF = YES;
				CLANG_WARN_OBJC_LITERAL_CONVERSION = YES;
				CLANG_WARN_OBJC_ROOT_CLASS = YES_ERROR;
				CLANG_WARN_RANGE_LOOP_ANALYSIS = YES;
				CLANG_WARN_STRICT_PROTOTYPES = YES;
				CLANG_WARN_SUSPICIOUS_MOVE = YES;
				CLANG_WARN_UNGUARDED_AVAILABILITY = YES_AGGRESSIVE;
				CLANG_WARN_UNREACHABLE_CODE = YES;
				CLANG_WARN__DUPLICATE_METHOD_MATCH = YES;
				CODE_SIGN_IDENTITY = "iPhone Developer";
				COPY_PHASE_STRIP = NO;
				DEBUG_INFORMATION_FORMAT = dwarf;
				ENABLE_STRICT_OBJC_MSGSEND = YES;
				ENABLE_TESTABILITY = YES;
				GCC_C_LANGUAGE_STANDARD = gnu11;
				GCC_DYNAMIC_NO_PIC = NO;
				GCC_NO_COMMON_BLOCKS = YES;
				GCC_OPTIMIZATION_LEVEL = 0;
				GCC_PREPROCESSOR_DEFINITIONS = (
					"DEBUG=1",
					"$(inherited)",
				);
				GCC_WARN_64_TO_32_BIT_CONVERSION = YES;
				GCC_WARN_ABOUT_RETURN_TYPE = YES_ERROR;
				GCC_WARN_UNDECLARED_SELECTOR = YES;
				GCC_WARN_UNINITIALIZED_AUTOS = YES_AGGRESSIVE;
				GCC_WARN_UNUSED_FUNCTION = YES;
				GCC_WARN_UNUSED_VARIABLE = YES;
				IPHONEOS_DEPLOYMENT_TARGET = 12.0;
				MTL_ENABLE_DEBUG_INFO = INCLUDE_SOURCE;
				MTL_FAST_MATH = YES;
				ONLY_ACTIVE_ARCH = YES;
				SDKROOT = iphoneos;
			};
			name = Debug;
		};
		ADB921A921E474BA0010F6B0 /* Release */ = {
			isa = XCBuildConfiguration;
			buildSettings = {
				ALWAYS_SEARCH_USER_PATHS = NO;
				CLANG_ANALYZER_NONNULL = YES;
				CLANG_ANALYZER_NUMBER_OBJECT_CONVERSION = YES_AGGRESSIVE;
				CLANG_CXX_LANGUAGE_STANDARD = "gnu++14";
				CLANG_CXX_LIBRARY = "libc++";
				CLANG_ENABLE_MODULES = YES;
				CLANG_ENABLE_OBJC_ARC = YES;
				CLANG_ENABLE_OBJC_WEAK = YES;
				CLANG_WARN_BLOCK_CAPTURE_AUTORELEASING = YES;
				CLANG_WARN_BOOL_CONVERSION = YES;
				CLANG_WARN_COMMA = YES;
				CLANG_WARN_CONSTANT_CONVERSION = YES;
				CLANG_WARN_DEPRECATED_OBJC_IMPLEMENTATIONS = YES;
				CLANG_WARN_DIRECT_OBJC_ISA_USAGE = YES_ERROR;
				CLANG_WARN_DOCUMENTATION_COMMENTS = YES;
				CLANG_WARN_EMPTY_BODY = YES;
				CLANG_WARN_ENUM_CONVERSION = YES;
				CLANG_WARN_INFINITE_RECURSION = YES;
				CLANG_WARN_INT_CONVERSION = YES;
				CLANG_WARN_NON_LITERAL_NULL_CONVERSION = YES;
				CLANG_WARN_OBJC_IMPLICIT_RETAIN_SELF = YES;
				CLANG_WARN_OBJC_LITERAL_CONVERSION = YES;
				CLANG_WARN_OBJC_ROOT_CLASS = YES_ERROR;
				CLANG_WARN_RANGE_LOOP_ANALYSIS = YES;
				CLANG_WARN_STRICT_PROTOTYPES = YES;
				CLANG_WARN_SUSPICIOUS_MOVE = YES;
				CLANG_WARN_UNGUARDED_AVAILABILITY = YES_AGGRESSIVE;
				CLANG_WARN_UNREACHABLE_CODE = YES;
				CLANG_WARN__DUPLICATE_METHOD_MATCH = YES;
				CODE_SIGN_IDENTITY = "iPhone Developer";
				COPY_PHASE_STRIP = NO;
				DEBUG_INFORMATION_FORMAT = "dwarf-with-dsym";
				ENABLE_NS_ASSERTIONS = NO;
				ENABLE_STRICT_OBJC_MSGSEND = YES;
				GCC_C_LANGUAGE_STANDARD = gnu11;
				GCC_NO_COMMON_BLOCKS = YES;
				GCC_WARN_64_TO_32_BIT_CONVERSION = YES;
				GCC_WARN_ABOUT_RETURN_TYPE = YES_ERROR;
				GCC_WARN_UNDECLARED_SELECTOR = YES;
				GCC_WARN_UNINITIALIZED_AUTOS = YES_AGGRESSIVE;
				GCC_WARN_UNUSED_FUNCTION = YES;
				GCC_WARN_UNUSED_VARIABLE = YES;
				IPHONEOS_DEPLOYMENT_TARGET = 12.0;
				MTL_ENABLE_DEBUG_INFO = NO;
				MTL_FAST_MATH = YES;
				SDKROOT = iphoneos;
				VALIDATE_PRODUCT = YES;
			};
			name = Release;
		};
		ADB921AB21E474BA0010F6B0 /* Debug */ = {
			isa = XCBuildConfiguration;
			buildSettings = {
				ASSETCATALOG_COMPILER_APPICON_NAME = AppIcon;
				CODE_SIGN_STYLE = Automatic;
				INFOPLIST_FILE = "for循环创建九宫格/Info.plist";
				LD_RUNPATH_SEARCH_PATHS = (
					"$(inherited)",
					"@executable_path/Frameworks",
				);
				PRODUCT_BUNDLE_IDENTIFIER = "cn.edu.abc.www.for-------";
				PRODUCT_NAME = "$(TARGET_NAME)";
				TARGETED_DEVICE_FAMILY = "1,2";
			};
			name = Debug;
		};
		ADB921AC21E474BA0010F6B0 /* Release */ = {
			isa = XCBuildConfiguration;
			buildSettings = {
				ASSETCATALOG_COMPILER_APPICON_NAME = AppIcon;
				CODE_SIGN_STYLE = Automatic;
				INFOPLIST_FILE = "for循环创建九宫格/Info.plist";
				LD_RUNPATH_SEARCH_PATHS = (
					"$(inherited)",
					"@executable_path/Frameworks",
				);
				PRODUCT_BUNDLE_IDENTIFIER = "cn.edu.abc.www.for-------";
				PRODUCT_NAME = "$(TARGET_NAME)";
				TARGETED_DEVICE_FAMILY = "1,2";
			};
			name = Release;
		};
/* End XCBuildConfiguration section */

/* Begin XCConfigurationList section */
		ADB9218F21E474B90010F6B0 /* Build configuration list for PBXProject "for循环创建九宫格" */ = {
			isa = XCConfigurationList;
			buildConfigurations = (
				ADB921A821E474BA0010F6B0 /* Debug */,
				ADB921A921E474BA0010F6B0 /* Release */,
			);
			defaultConfigurationIsVisible = 0;
			defaultConfigurationName = Release;
		};
		ADB921AA21E474BA0010F6B0 /* Build configuration list for PBXNativeTarget "for循环创建九宫格" */ = {
			isa = XCConfigurationList;
			buildConfigurations = (
				ADB921AB21E474BA0010F6B0 /* Debug */,
				ADB921AC21E474BA0010F6B0 /* Release */,
			);
			defaultConfigurationIsVisible = 0;
			defaultConfigurationName = Release;
		};
/* End XCConfigurationList section */
	};
	rootObject = ADB9218C21E474B90010F6B0 /* Project object */;
}
